
Microsoft Visual Studio Solution File, Format Version 12.00
# Visual Studio Version 17
VisualStudioVersion = 17.2.32630.192
MinimumVisualStudioVersion = 10.0.40219.1
Project("{9A19103F-16F7-4668-BE54-9A1E7A4F7556}") = "ESFE.ArqLimpia.EN", "ESFE.ArqLimpia.EN\ESFE.ArqLimpia.EN.csproj", "{2F1F159F-BBF0-46F6-93C1-062498341216}"
EndProject
Project("{2150E333-8FDC-42A3-9474-1A3956D46DE8}") = "Enterprise Business Rules", "Enterprise Business Rules", "{83333046-5590-473E-814D-0F1405E61A7F}"
EndProject
Project("{2150E333-8FDC-42A3-9474-1A3956D46DE8}") = "Application Business Rules", "Application Business Rules", "{6853FDB4-F99B-4AEF-ADAC-7398FBB6EC2F}"
EndProject
Project("{2150E333-8FDC-42A3-9474-1A3956D46DE8}") = "Interface Adapter", "Interface Adapter", "{8771CBFD-3728-4380-BEAE-14728D7F9CEA}"
EndProject
Project("{2150E333-8FDC-42A3-9474-1A3956D46DE8}") = "FrameworksDrivers", "FrameworksDrivers", "{40EFD368-89D0-4F36-AA42-75421DDDEBE9}"
EndProject
Project("{9A19103F-16F7-4668-BE54-9A1E7A4F7556}") = "ESFE.ArqLimpia.EN.Interfaces", "ESFE.ArqLimpia.EN.Interfaces\ESFE.ArqLimpia.EN.Interfaces.csproj", "{60FD7B3B-CD17-45CE-813C-C0822AA8A671}"
EndProject
Project("{9A19103F-16F7-4668-BE54-9A1E7A4F7556}") = "ESFE.ArqLimpia.BL", "ESFE.ArqLimpia.BL\ESFE.ArqLimpia.BL.csproj", "{6D96BCF0-919A-4D1B-89B4-36D7CF914069}"
EndProject
Project("{9A19103F-16F7-4668-BE54-9A1E7A4F7556}") = "ESFE.ArqLimpia.BL.DTOs", "ESFE.ArqLimpia.BL.DTOs\ESFE.ArqLimpia.BL.DTOs.csproj", "{0B5862A9-43D1-42A4-A789-7FF3F41263E2}"
EndProject
Project("{9A19103F-16F7-4668-BE54-9A1E7A4F7556}") = "ESFE.ArqLimpia.BL.Interfaces", "ESFE.ArqLimpia.BL.Interfaces\ESFE.ArqLimpia.BL.Interfaces.csproj", "{41567AC0-2E0B-4460-8940-18C4F775B82E}"
EndProject
Project("{9A19103F-16F7-4668-BE54-9A1E7A4F7556}") = "ESFE.ArqLimpia.DAL", "ESFE.ArqLimpia.DAL\ESFE.ArqLimpia.DAL.csproj", "{D8AAF705-7FD4-477A-A7BC-9749C972C045}"
EndProject
Project("{9A19103F-16F7-4668-BE54-9A1E7A4F7556}") = "ESFE.ArqLimpia.IoC", "ESFE.ArqLimpia.IoC\ESFE.ArqLimpia.IoC.csproj", "{23DBD4B1-E849-4DB2-906F-2991985CD464}"
EndProject
Project("{9A19103F-16F7-4668-BE54-9A1E7A4F7556}") = "ESFE.ArqLimpia.API", "ESFE.ArqLimpia.API\ESFE.ArqLimpia.API.csproj", "{6B5C9083-99D8-4399-8641-43015DD1E6C3}"
EndProject
Project("{9A19103F-16F7-4668-BE54-9A1E7A4F7556}") = "ESFE.ArqLimpia.APIClient", "ESFE.ArqLimpia.APIClient\ESFE.ArqLimpia.APIClient.csproj", "{B3C984EA-0697-4B3D-9C70-0133F013B7E2}"
EndProject
Project("{9A19103F-16F7-4668-BE54-9A1E7A4F7556}") = "ESFE.ArqLimpia.WebUI", "ESFE.ArqLimpia.WebUI\ESFE.ArqLimpia.WebUI.csproj", "{41598B49-0343-493E-A081-64EEA1E0C2D0}"
EndProject
Global
	GlobalSection(SolutionConfigurationPlatforms) = preSolution
		Debug|Any CPU = Debug|Any CPU
		Release|Any CPU = Release|Any CPU
	EndGlobalSection
	GlobalSection(ProjectConfigurationPlatforms) = postSolution
		{2F1F159F-BBF0-46F6-93C1-062498341216}.Debug|Any CPU.ActiveCfg = Debug|Any CPU
		{2F1F159F-BBF0-46F6-93C1-062498341216}.Debug|Any CPU.Build.0 = Debug|Any CPU
		{2F1F159F-BBF0-46F6-93C1-062498341216}.Release|Any CPU.ActiveCfg = Release|Any CPU
		{2F1F159F-BBF0-46F6-93C1-062498341216}.Release|Any CPU.Build.0 = Release|Any CPU
		{60FD7B3B-CD17-45CE-813C-C0822AA8A671}.Debug|Any CPU.ActiveCfg = Debug|Any CPU
		{60FD7B3B-CD17-45CE-813C-C0822AA8A671}.Debug|Any CPU.Build.0 = Debug|Any CPU
		{60FD7B3B-CD17-45CE-813C-C0822AA8A671}.Release|Any CPU.ActiveCfg = Release|Any CPU
		{60FD7B3B-CD17-45CE-813C-C0822AA8A671}.Release|Any CPU.Build.0 = Release|Any CPU
		{6D96BCF0-919A-4D1B-89B4-36D7CF914069}.Debug|Any CPU.ActiveCfg = Debug|Any CPU
		{6D96BCF0-919A-4D1B-89B4-36D7CF914069}.Debug|Any CPU.Build.0 = Debug|Any CPU
		{6D96BCF0-919A-4D1B-89B4-36D7CF914069}.Release|Any CPU.ActiveCfg = Release|Any CPU
		{6D96BCF0-919A-4D1B-89B4-36D7CF914069}.Release|Any CPU.Build.0 = Release|Any CPU
		{0B5862A9-43D1-42A4-A789-7FF3F41263E2}.Debug|Any CPU.ActiveCfg = Debug|Any CPU
		{0B5862A9-43D1-42A4-A789-7FF3F41263E2}.Debug|Any CPU.Build.0 = Debug|Any CPU
		{0B5862A9-43D1-42A4-A789-7FF3F41263E2}.Release|Any CPU.ActiveCfg = Release|Any CPU
		{0B5862A9-43D1-42A4-A789-7FF3F41263E2}.Release|Any CPU.Build.0 = Release|Any CPU
		{41567AC0-2E0B-4460-8940-18C4F775B82E}.Debug|Any CPU.ActiveCfg = Debug|Any CPU
		{41567AC0-2E0B-4460-8940-18C4F775B82E}.Debug|Any CPU.Build.0 = Debug|Any CPU
		{41567AC0-2E0B-4460-8940-18C4F775B82E}.Release|Any CPU.ActiveCfg = Release|Any CPU
		{41567AC0-2E0B-4460-8940-18C4F775B82E}.Release|Any CPU.Build.0 = Release|Any CPU
		{D8AAF705-7FD4-477A-A7BC-9749C972C045}.Debug|Any CPU.ActiveCfg = Debug|Any CPU
		{D8AAF705-7FD4-477A-A7BC-9749C972C045}.Debug|Any CPU.Build.0 = Debug|Any CPU
		{D8AAF705-7FD4-477A-A7BC-9749C972C045}.Release|Any CPU.ActiveCfg = Release|Any CPU
		{D8AAF705-7FD4-477A-A7BC-9749C972C045}.Release|Any CPU.Build.0 = Release|Any CPU
		{23DBD4B1-E849-4DB2-906F-2991985CD464}.Debug|Any CPU.ActiveCfg = Debug|Any CPU
		{23DBD4B1-E849-4DB2-906F-2991985CD464}.Debug|Any CPU.Build.0 = Debug|Any CPU
		{23DBD4B1-E849-4DB2-906F-2991985CD464}.Release|Any CPU.ActiveCfg = Release|Any CPU
		{23DBD4B1-E849-4DB2-906F-2991985CD464}.Release|Any CPU.Build.0 = Release|Any CPU
		{6B5C9083-99D8-4399-8641-43015DD1E6C3}.Debug|Any CPU.ActiveCfg = Debug|Any CPU
		{6B5C9083-99D8-4399-8641-43015DD1E6C3}.Debug|Any CPU.Build.0 = Debug|Any CPU
		{6B5C9083-99D8-4399-8641-43015DD1E6C3}.Release|Any CPU.ActiveCfg = Release|Any CPU
		{6B5C9083-99D8-4399-8641-43015DD1E6C3}.Release|Any CPU.Build.0 = Release|Any CPU
		{B3C984EA-0697-4B3D-9C70-0133F013B7E2}.Debug|Any CPU.ActiveCfg = Debug|Any CPU
		{B3C984EA-0697-4B3D-9C70-0133F013B7E2}.Debug|Any CPU.Build.0 = Debug|Any CPU
		{B3C984EA-0697-4B3D-9C70-0133F013B7E2}.Release|Any CPU.ActiveCfg = Release|Any CPU
		{B3C984EA-0697-4B3D-9C70-0133F013B7E2}.Release|Any CPU.Build.0 = Release|Any CPU
		{41598B49-0343-493E-A081-64EEA1E0C2D0}.Debug|Any CPU.ActiveCfg = Debug|Any CPU
		{41598B49-0343-493E-A081-64EEA1E0C2D0}.Debug|Any CPU.Build.0 = Debug|Any CPU
		{41598B49-0343-493E-A081-64EEA1E0C2D0}.Release|Any CPU.ActiveCfg = Release|Any CPU
		{41598B49-0343-493E-A081-64EEA1E0C2D0}.Release|Any CPU.Build.0 = Release|Any CPU
	EndGlobalSection
	GlobalSection(SolutionProperties) = preSolution
		HideSolutionNode = FALSE
	EndGlobalSection
	GlobalSection(NestedProjects) = preSolution
		{2F1F159F-BBF0-46F6-93C1-062498341216} = {83333046-5590-473E-814D-0F1405E61A7F}
		{60FD7B3B-CD17-45CE-813C-C0822AA8A671} = {83333046-5590-473E-814D-0F1405E61A7F}
		{6D96BCF0-919A-4D1B-89B4-36D7CF914069} = {6853FDB4-F99B-4AEF-ADAC-7398FBB6EC2F}
		{0B5862A9-43D1-42A4-A789-7FF3F41263E2} = {6853FDB4-F99B-4AEF-ADAC-7398FBB6EC2F}
		{41567AC0-2E0B-4460-8940-18C4F775B82E} = {6853FDB4-F99B-4AEF-ADAC-7398FBB6EC2F}
		{D8AAF705-7FD4-477A-A7BC-9749C972C045} = {8771CBFD-3728-4380-BEAE-14728D7F9CEA}
		{23DBD4B1-E849-4DB2-906F-2991985CD464} = {8771CBFD-3728-4380-BEAE-14728D7F9CEA}
		{6B5C9083-99D8-4399-8641-43015DD1E6C3} = {40EFD368-89D0-4F36-AA42-75421DDDEBE9}
		{B3C984EA-0697-4B3D-9C70-0133F013B7E2} = {8771CBFD-3728-4380-BEAE-14728D7F9CEA}
		{41598B49-0343-493E-A081-64EEA1E0C2D0} = {40EFD368-89D0-4F36-AA42-75421DDDEBE9}
	EndGlobalSection
	GlobalSection(ExtensibilityGlobals) = postSolution
		SolutionGuid = {472AF85B-142B-4245-840A-980DB0AD5EDA}
	EndGlobalSection
EndGlobal
